
Microsoft Visual Studio Solution File, Format Version 12.00
# Visual Studio Version 17
VisualStudioVersion = 17.0.31903.59
MinimumVisualStudioVersion = 10.0.40219.1
Project("{2150E333-8FDC-42A3-9474-1A3956D46DE8}") = "1. Shared Code", "1. Shared Code", "{89117B75-87D8-4405-9653-701EFBC51BF3}"
EndProject
Project("{2150E333-8FDC-42A3-9474-1A3956D46DE8}") = "2. Quick Start", "2. Quick Start", "{3CB4D38F-26FB-4838-A88F-1686875DDDC9}"
EndProject
Project("{9A19103F-16F7-4668-BE54-9A1E7A4F7556}") = "EasyNetQ_QuickStart_Sender", "EasyNetQ_QuickStart_Sender\EasyNetQ_QuickStart_Sender.csproj", "{65DE3A32-3B90-48A6-B692-CD3B785C0801}"
EndProject
Project("{9A19103F-16F7-4668-BE54-9A1E7A4F7556}") = "EasyNetQ_QuickStart_Subscriber", "EasyNetQ_QuickStart_Subscriber\EasyNetQ_QuickStart_Subscriber.csproj", "{B2A37DA0-D446-4046-925D-73C40BD3DEA7}"
EndProject
Project("{9A19103F-16F7-4668-BE54-9A1E7A4F7556}") = "EasyNetQMessages", "EasyNetQMessages\EasyNetQMessages.csproj", "{E75F0C6A-996E-4A58-8767-36B903E76912}"
EndProject
Project("{2150E333-8FDC-42A3-9474-1A3956D46DE8}") = "Solution Items", "Solution Items", "{A4260780-FE30-4433-98E0-3032382DFAB7}"
	ProjectSection(SolutionItems) = preProject
		compose.yaml = compose.yaml
		README.md = README.md
	EndProjectSection
EndProject
Project("{2150E333-8FDC-42A3-9474-1A3956D46DE8}") = "3. Publish and Subscribe", "3. Publish and Subscribe", "{CF34CA68-2513-4CF6-887C-F970D51582C3}"
EndProject
Project("{2150E333-8FDC-42A3-9474-1A3956D46DE8}") = "3.1. Simple Publish and Subscribe", "3.1. Simple Publish and Subscribe", "{DA2BCC98-D2B9-4D6E-A9A9-7BE4E977205E}"
EndProject
Project("{FAE04EC0-301F-11D3-BF4B-00C04F79EFBC}") = "Publish", "Publish\Publish.csproj", "{58D9D4EC-39C0-401E-B924-391D14C67D2B}"
EndProject
Project("{2150E333-8FDC-42A3-9474-1A3956D46DE8}") = "3.2 Publisher Confirmation", "3.2 Publisher Confirmation", "{63044245-0E43-4DA5-8B05-5A953C01EF85}"
EndProject
Project("{2150E333-8FDC-42A3-9474-1A3956D46DE8}") = "3.3 Polymorphic Publish and Subscribe", "3.3 Polymorphic Publish and Subscribe", "{008457A1-36EE-44B1-9F65-58BC4B2C9AB0}"
EndProject
Project("{2150E333-8FDC-42A3-9474-1A3956D46DE8}") = "3.4 Controlling Queue and Exchange Name", "3.4 Controlling Queue and Exchange Name", "{9CCCC17F-FD12-49E6-BD96-0A356CF1EABE}"
EndProject
Project("{FAE04EC0-301F-11D3-BF4B-00C04F79EFBC}") = "Subscribe", "Subscribe\Subscribe.csproj", "{D6B0F91A-2787-4B93-8287-F43A473C5E9B}"
EndProject
Project("{FAE04EC0-301F-11D3-BF4B-00C04F79EFBC}") = "SubscribeAsync", "SubscribeAsync\SubscribeAsync.csproj", "{5CEA6203-48EA-4410-B5C4-952A2D388319}"
EndProject
Project("{FAE04EC0-301F-11D3-BF4B-00C04F79EFBC}") = "PublishWithConfirm", "PublishWithConfirm\PublishWithConfirm.csproj", "{CD5BE4A5-9290-4BF6-A494-9AB06A4DCA43}"
EndProject
Project("{FAE04EC0-301F-11D3-BF4B-00C04F79EFBC}") = "PolymorphicPublish", "PolymorphicPublish\PolymorphicPublish.csproj", "{11562D7A-3987-4449-A189-DCF5ADCCA484}"
EndProject
Project("{FAE04EC0-301F-11D3-BF4B-00C04F79EFBC}") = "PolymorphicSubscribe", "PolymorphicSubscribe\PolymorphicSubscribe.csproj", "{CE80AB44-1863-42F0-8B31-9EF37052ADA1}"
EndProject
Project("{FAE04EC0-301F-11D3-BF4B-00C04F79EFBC}") = "NamedQueuePublish", "NamedQueuePublish\NamedQueuePublish.csproj", "{0F68B056-1540-4B8A-8777-BC81AF362856}"
EndProject
Project("{FAE04EC0-301F-11D3-BF4B-00C04F79EFBC}") = "NamedQueueSubscribe", "NamedQueueSubscribe\NamedQueueSubscribe.csproj", "{B52F20FB-D61A-4B8E-9D20-79EDF8B134C5}"
EndProject
Global
	GlobalSection(SolutionConfigurationPlatforms) = preSolution
		Debug|Any CPU = Debug|Any CPU
		Debug|x86 = Debug|x86
		Release|Any CPU = Release|Any CPU
		Release|x86 = Release|x86
	EndGlobalSection
	GlobalSection(ProjectConfigurationPlatforms) = postSolution
		{65DE3A32-3B90-48A6-B692-CD3B785C0801}.Debug|Any CPU.ActiveCfg = Debug|Any CPU
		{65DE3A32-3B90-48A6-B692-CD3B785C0801}.Debug|Any CPU.Build.0 = Debug|Any CPU
		{65DE3A32-3B90-48A6-B692-CD3B785C0801}.Debug|x86.ActiveCfg = Debug|Any CPU
		{65DE3A32-3B90-48A6-B692-CD3B785C0801}.Debug|x86.Build.0 = Debug|Any CPU
		{65DE3A32-3B90-48A6-B692-CD3B785C0801}.Release|Any CPU.ActiveCfg = Release|Any CPU
		{65DE3A32-3B90-48A6-B692-CD3B785C0801}.Release|Any CPU.Build.0 = Release|Any CPU
		{65DE3A32-3B90-48A6-B692-CD3B785C0801}.Release|x86.ActiveCfg = Release|Any CPU
		{65DE3A32-3B90-48A6-B692-CD3B785C0801}.Release|x86.Build.0 = Release|Any CPU
		{B2A37DA0-D446-4046-925D-73C40BD3DEA7}.Debug|Any CPU.ActiveCfg = Debug|Any CPU
		{B2A37DA0-D446-4046-925D-73C40BD3DEA7}.Debug|Any CPU.Build.0 = Debug|Any CPU
		{B2A37DA0-D446-4046-925D-73C40BD3DEA7}.Debug|x86.ActiveCfg = Debug|Any CPU
		{B2A37DA0-D446-4046-925D-73C40BD3DEA7}.Debug|x86.Build.0 = Debug|Any CPU
		{B2A37DA0-D446-4046-925D-73C40BD3DEA7}.Release|Any CPU.ActiveCfg = Release|Any CPU
		{B2A37DA0-D446-4046-925D-73C40BD3DEA7}.Release|Any CPU.Build.0 = Release|Any CPU
		{B2A37DA0-D446-4046-925D-73C40BD3DEA7}.Release|x86.ActiveCfg = Release|Any CPU
		{B2A37DA0-D446-4046-925D-73C40BD3DEA7}.Release|x86.Build.0 = Release|Any CPU
		{E75F0C6A-996E-4A58-8767-36B903E76912}.Debug|Any CPU.ActiveCfg = Debug|Any CPU
		{E75F0C6A-996E-4A58-8767-36B903E76912}.Debug|Any CPU.Build.0 = Debug|Any CPU
		{E75F0C6A-996E-4A58-8767-36B903E76912}.Debug|x86.ActiveCfg = Debug|Any CPU
		{E75F0C6A-996E-4A58-8767-36B903E76912}.Debug|x86.Build.0 = Debug|Any CPU
		{E75F0C6A-996E-4A58-8767-36B903E76912}.Release|Any CPU.ActiveCfg = Release|Any CPU
		{E75F0C6A-996E-4A58-8767-36B903E76912}.Release|Any CPU.Build.0 = Release|Any CPU
		{E75F0C6A-996E-4A58-8767-36B903E76912}.Release|x86.ActiveCfg = Release|Any CPU
		{E75F0C6A-996E-4A58-8767-36B903E76912}.Release|x86.Build.0 = Release|Any CPU
		{58D9D4EC-39C0-401E-B924-391D14C67D2B}.Debug|Any CPU.ActiveCfg = Debug|Any CPU
		{58D9D4EC-39C0-401E-B924-391D14C67D2B}.Debug|Any CPU.Build.0 = Debug|Any CPU
		{58D9D4EC-39C0-401E-B924-391D14C67D2B}.Debug|x86.ActiveCfg = Debug|Any CPU
		{58D9D4EC-39C0-401E-B924-391D14C67D2B}.Debug|x86.Build.0 = Debug|Any CPU
		{58D9D4EC-39C0-401E-B924-391D14C67D2B}.Release|Any CPU.ActiveCfg = Release|Any CPU
		{58D9D4EC-39C0-401E-B924-391D14C67D2B}.Release|Any CPU.Build.0 = Release|Any CPU
		{58D9D4EC-39C0-401E-B924-391D14C67D2B}.Release|x86.ActiveCfg = Release|Any CPU
		{58D9D4EC-39C0-401E-B924-391D14C67D2B}.Release|x86.Build.0 = Release|Any CPU
		{D6B0F91A-2787-4B93-8287-F43A473C5E9B}.Debug|Any CPU.ActiveCfg = Debug|Any CPU
		{D6B0F91A-2787-4B93-8287-F43A473C5E9B}.Debug|Any CPU.Build.0 = Debug|Any CPU
		{D6B0F91A-2787-4B93-8287-F43A473C5E9B}.Debug|x86.ActiveCfg = Debug|Any CPU
		{D6B0F91A-2787-4B93-8287-F43A473C5E9B}.Debug|x86.Build.0 = Debug|Any CPU
		{D6B0F91A-2787-4B93-8287-F43A473C5E9B}.Release|Any CPU.ActiveCfg = Release|Any CPU
		{D6B0F91A-2787-4B93-8287-F43A473C5E9B}.Release|Any CPU.Build.0 = Release|Any CPU
		{D6B0F91A-2787-4B93-8287-F43A473C5E9B}.Release|x86.ActiveCfg = Release|Any CPU
		{D6B0F91A-2787-4B93-8287-F43A473C5E9B}.Release|x86.Build.0 = Release|Any CPU
		{5CEA6203-48EA-4410-B5C4-952A2D388319}.Debug|Any CPU.ActiveCfg = Debug|Any CPU
		{5CEA6203-48EA-4410-B5C4-952A2D388319}.Debug|Any CPU.Build.0 = Debug|Any CPU
		{5CEA6203-48EA-4410-B5C4-952A2D388319}.Debug|x86.ActiveCfg = Debug|Any CPU
		{5CEA6203-48EA-4410-B5C4-952A2D388319}.Debug|x86.Build.0 = Debug|Any CPU
		{5CEA6203-48EA-4410-B5C4-952A2D388319}.Release|Any CPU.ActiveCfg = Release|Any CPU
		{5CEA6203-48EA-4410-B5C4-952A2D388319}.Release|Any CPU.Build.0 = Release|Any CPU
		{5CEA6203-48EA-4410-B5C4-952A2D388319}.Release|x86.ActiveCfg = Release|Any CPU
		{5CEA6203-48EA-4410-B5C4-952A2D388319}.Release|x86.Build.0 = Release|Any CPU
		{CD5BE4A5-9290-4BF6-A494-9AB06A4DCA43}.Debug|Any CPU.ActiveCfg = Debug|Any CPU
		{CD5BE4A5-9290-4BF6-A494-9AB06A4DCA43}.Debug|Any CPU.Build.0 = Debug|Any CPU
		{CD5BE4A5-9290-4BF6-A494-9AB06A4DCA43}.Debug|x86.ActiveCfg = Debug|Any CPU
		{CD5BE4A5-9290-4BF6-A494-9AB06A4DCA43}.Debug|x86.Build.0 = Debug|Any CPU
		{CD5BE4A5-9290-4BF6-A494-9AB06A4DCA43}.Release|Any CPU.ActiveCfg = Release|Any CPU
		{CD5BE4A5-9290-4BF6-A494-9AB06A4DCA43}.Release|Any CPU.Build.0 = Release|Any CPU
		{CD5BE4A5-9290-4BF6-A494-9AB06A4DCA43}.Release|x86.ActiveCfg = Release|Any CPU
		{CD5BE4A5-9290-4BF6-A494-9AB06A4DCA43}.Release|x86.Build.0 = Release|Any CPU
		{11562D7A-3987-4449-A189-DCF5ADCCA484}.Debug|Any CPU.ActiveCfg = Debug|Any CPU
		{11562D7A-3987-4449-A189-DCF5ADCCA484}.Debug|Any CPU.Build.0 = Debug|Any CPU
		{11562D7A-3987-4449-A189-DCF5ADCCA484}.Debug|x86.ActiveCfg = Debug|Any CPU
		{11562D7A-3987-4449-A189-DCF5ADCCA484}.Debug|x86.Build.0 = Debug|Any CPU
		{11562D7A-3987-4449-A189-DCF5ADCCA484}.Release|Any CPU.ActiveCfg = Release|Any CPU
		{11562D7A-3987-4449-A189-DCF5ADCCA484}.Release|Any CPU.Build.0 = Release|Any CPU
		{11562D7A-3987-4449-A189-DCF5ADCCA484}.Release|x86.ActiveCfg = Release|Any CPU
		{11562D7A-3987-4449-A189-DCF5ADCCA484}.Release|x86.Build.0 = Release|Any CPU
		{CE80AB44-1863-42F0-8B31-9EF37052ADA1}.Debug|Any CPU.ActiveCfg = Debug|Any CPU
		{CE80AB44-1863-42F0-8B31-9EF37052ADA1}.Debug|Any CPU.Build.0 = Debug|Any CPU
		{CE80AB44-1863-42F0-8B31-9EF37052ADA1}.Debug|x86.ActiveCfg = Debug|Any CPU
		{CE80AB44-1863-42F0-8B31-9EF37052ADA1}.Debug|x86.Build.0 = Debug|Any CPU
		{CE80AB44-1863-42F0-8B31-9EF37052ADA1}.Release|Any CPU.ActiveCfg = Release|Any CPU
		{CE80AB44-1863-42F0-8B31-9EF37052ADA1}.Release|Any CPU.Build.0 = Release|Any CPU
		{CE80AB44-1863-42F0-8B31-9EF37052ADA1}.Release|x86.ActiveCfg = Release|Any CPU
		{CE80AB44-1863-42F0-8B31-9EF37052ADA1}.Release|x86.Build.0 = Release|Any CPU
		{0F68B056-1540-4B8A-8777-BC81AF362856}.Debug|Any CPU.ActiveCfg = Debug|Any CPU
		{0F68B056-1540-4B8A-8777-BC81AF362856}.Debug|Any CPU.Build.0 = Debug|Any CPU
		{0F68B056-1540-4B8A-8777-BC81AF362856}.Debug|x86.ActiveCfg = Debug|Any CPU
		{0F68B056-1540-4B8A-8777-BC81AF362856}.Debug|x86.Build.0 = Debug|Any CPU
		{0F68B056-1540-4B8A-8777-BC81AF362856}.Release|Any CPU.ActiveCfg = Release|Any CPU
		{0F68B056-1540-4B8A-8777-BC81AF362856}.Release|Any CPU.Build.0 = Release|Any CPU
		{0F68B056-1540-4B8A-8777-BC81AF362856}.Release|x86.ActiveCfg = Release|Any CPU
		{0F68B056-1540-4B8A-8777-BC81AF362856}.Release|x86.Build.0 = Release|Any CPU
		{B52F20FB-D61A-4B8E-9D20-79EDF8B134C5}.Debug|Any CPU.ActiveCfg = Debug|Any CPU
		{B52F20FB-D61A-4B8E-9D20-79EDF8B134C5}.Debug|Any CPU.Build.0 = Debug|Any CPU
		{B52F20FB-D61A-4B8E-9D20-79EDF8B134C5}.Debug|x86.ActiveCfg = Debug|Any CPU
		{B52F20FB-D61A-4B8E-9D20-79EDF8B134C5}.Debug|x86.Build.0 = Debug|Any CPU
		{B52F20FB-D61A-4B8E-9D20-79EDF8B134C5}.Release|Any CPU.ActiveCfg = Release|Any CPU
		{B52F20FB-D61A-4B8E-9D20-79EDF8B134C5}.Release|Any CPU.Build.0 = Release|Any CPU
		{B52F20FB-D61A-4B8E-9D20-79EDF8B134C5}.Release|x86.ActiveCfg = Release|Any CPU
		{B52F20FB-D61A-4B8E-9D20-79EDF8B134C5}.Release|x86.Build.0 = Release|Any CPU
	EndGlobalSection
	GlobalSection(SolutionProperties) = preSolution
		HideSolutionNode = FALSE
	EndGlobalSection
	GlobalSection(NestedProjects) = preSolution
		{65DE3A32-3B90-48A6-B692-CD3B785C0801} = {3CB4D38F-26FB-4838-A88F-1686875DDDC9}
		{B2A37DA0-D446-4046-925D-73C40BD3DEA7} = {3CB4D38F-26FB-4838-A88F-1686875DDDC9}
		{E75F0C6A-996E-4A58-8767-36B903E76912} = {89117B75-87D8-4405-9653-701EFBC51BF3}
		{DA2BCC98-D2B9-4D6E-A9A9-7BE4E977205E} = {CF34CA68-2513-4CF6-887C-F970D51582C3}
		{58D9D4EC-39C0-401E-B924-391D14C67D2B} = {DA2BCC98-D2B9-4D6E-A9A9-7BE4E977205E}
		{63044245-0E43-4DA5-8B05-5A953C01EF85} = {CF34CA68-2513-4CF6-887C-F970D51582C3}
		{008457A1-36EE-44B1-9F65-58BC4B2C9AB0} = {CF34CA68-2513-4CF6-887C-F970D51582C3}
		{9CCCC17F-FD12-49E6-BD96-0A356CF1EABE} = {CF34CA68-2513-4CF6-887C-F970D51582C3}
		{D6B0F91A-2787-4B93-8287-F43A473C5E9B} = {DA2BCC98-D2B9-4D6E-A9A9-7BE4E977205E}
		{5CEA6203-48EA-4410-B5C4-952A2D388319} = {DA2BCC98-D2B9-4D6E-A9A9-7BE4E977205E}
		{CD5BE4A5-9290-4BF6-A494-9AB06A4DCA43} = {63044245-0E43-4DA5-8B05-5A953C01EF85}
		{11562D7A-3987-4449-A189-DCF5ADCCA484} = {008457A1-36EE-44B1-9F65-58BC4B2C9AB0}
		{CE80AB44-1863-42F0-8B31-9EF37052ADA1} = {008457A1-36EE-44B1-9F65-58BC4B2C9AB0}
		{0F68B056-1540-4B8A-8777-BC81AF362856} = {9CCCC17F-FD12-49E6-BD96-0A356CF1EABE}
		{B52F20FB-D61A-4B8E-9D20-79EDF8B134C5} = {9CCCC17F-FD12-49E6-BD96-0A356CF1EABE}
	EndGlobalSection
	GlobalSection(ExtensibilityGlobals) = postSolution
		SolutionGuid = {734F3FFB-0467-49A0-8AAF-67B825ECCE3C}
	EndGlobalSection
EndGlobal
